// !$*UTF8*$!
{
	archiveVersion = 1;
	classes = {
	};
	objectVersion = 46;
	objects = {

/* Begin PBXBuildFile section */
		715655411E8B5D0400F73097 /* main.m in Sources */ = {isa = PBXBuildFile; fileRef = 715655401E8B5D0400F73097 /* main.m */; };
		7156554A1E8B5D0400F73097 /* Main.storyboard in Resources */ = {isa = PBXBuildFile; fileRef = 715655481E8B5D0400F73097 /* Main.storyboard */; };
		7156554C1E8B5D0400F73097 /* Assets.xcassets in Resources */ = {isa = PBXBuildFile; fileRef = 7156554B1E8B5D0400F73097 /* Assets.xcassets */; };
		7156554F1E8B5D0400F73097 /* LaunchScreen.storyboard in Resources */ = {isa = PBXBuildFile; fileRef = 7156554D1E8B5D0400F73097 /* LaunchScreen.storyboard */; };
		7156555A1E8B5D0400F73097 /* ___Tests.m in Sources */ = {isa = PBXBuildFile; fileRef = 715655591E8B5D0400F73097 /* ___Tests.m */; };
		715655651E8B5D0400F73097 /* ___UITests.m in Sources */ = {isa = PBXBuildFile; fileRef = 715655641E8B5D0400F73097 /* ___UITests.m */; };
		7156557A1E8B5D8800F73097 /* AppDelegate.m in Sources */ = {isa = PBXBuildFile; fileRef = 715655761E8B5D8800F73097 /* AppDelegate.m */; };
		7156557E1E8B5E5500F73097 /* firstViewController.m in Sources */ = {isa = PBXBuildFile; fileRef = 7156557D1E8B5E5500F73097 /* firstViewController.m */; };
		715655811E8B5E5F00F73097 /* secondViewController.m in Sources */ = {isa = PBXBuildFile; fileRef = 715655801E8B5E5F00F73097 /* secondViewController.m */; };
		715655841E8B5E6C00F73097 /* thirdViewController.m in Sources */ = {isa = PBXBuildFile; fileRef = 715655831E8B5E6C00F73097 /* thirdViewController.m */; };
/* End PBXBuildFile section */

/* Begin PBXContainerItemProxy section */
		715655561E8B5D0400F73097 /* PBXContainerItemProxy */ = {
			isa = PBXContainerItemProxy;
			containerPortal = 715655341E8B5D0400F73097 /* Project object */;
			proxyType = 1;
			remoteGlobalIDString = 7156553B1E8B5D0400F73097;
			remoteInfo = "二维码";
		};
		715655611E8B5D0400F73097 /* PBXContainerItemProxy */ = {
			isa = PBXContainerItemProxy;
			containerPortal = 715655341E8B5D0400F73097 /* Project object */;
			proxyType = 1;
			remoteGlobalIDString = 7156553B1E8B5D0400F73097;
			remoteInfo = "二维码";
		};
/* End PBXContainerItemProxy section */

/* Begin PBXFileReference section */
		7156553C1E8B5D0400F73097 /* 二维码.app */ = {isa = PBXFileReference; explicitFileType = wrapper.application; includeInIndex = 0; path = "二维码.app"; sourceTree = BUILT_PRODUCTS_DIR; };
		715655401E8B5D0400F73097 /* main.m */ = {isa = PBXFileReference; lastKnownFileType = sourcecode.c.objc; path = main.m; sourceTree = "<group>"; };
		715655491E8B5D0400F73097 /* Base */ = {isa = PBXFileReference; lastKnownFileType = file.storyboard; name = Base; path = Base.lproj/Main.storyboard; sourceTree = "<group>"; };
		7156554B1E8B5D0400F73097 /* Assets.xcassets */ = {isa = PBXFileReference; lastKnownFileType = folder.assetcatalog; path = Assets.xcassets; sourceTree = "<group>"; };
		7156554E1E8B5D0400F73097 /* Base */ = {isa = PBXFileReference; lastKnownFileType = file.storyboard; name = Base; path = Base.lproj/LaunchScreen.storyboard; sourceTree = "<group>"; };
		715655551E8B5D0400F73097 /* 二维码Tests.xctest */ = {isa = PBXFileReference; explicitFileType = wrapper.cfbundle; includeInIndex = 0; path = "二维码Tests.xctest"; sourceTree = BUILT_PRODUCTS_DIR; };
		715655591E8B5D0400F73097 /* ___Tests.m */ = {isa = PBXFileReference; lastKnownFileType = sourcecode.c.objc; path = "___Tests.m"; sourceTree = "<group>"; };
		7156555B1E8B5D0400F73097 /* Info.plist */ = {isa = PBXFileReference; lastKnownFileType = text.plist.xml; path = Info.plist; sourceTree = "<group>"; };
		715655601E8B5D0400F73097 /* 二维码UITests.xctest */ = {isa = PBXFileReference; explicitFileType = wrapper.cfbundle; includeInIndex = 0; path = "二维码UITests.xctest"; sourceTree = BUILT_PRODUCTS_DIR; };
		715655641E8B5D0400F73097 /* ___UITests.m */ = {isa = PBXFileReference; lastKnownFileType = sourcecode.c.objc; path = "___UITests.m"; sourceTree = "<group>"; };
		715655661E8B5D0400F73097 /* Info.plist */ = {isa = PBXFileReference; lastKnownFileType = text.plist.xml; path = Info.plist; sourceTree = "<group>"; };
		715655751E8B5D8800F73097 /* AppDelegate.h */ = {isa = PBXFileReference; fileEncoding = 4; lastKnownFileType = sourcecode.c.h; path = AppDelegate.h; sourceTree = "<group>"; };
		715655761E8B5D8800F73097 /* AppDelegate.m */ = {isa = PBXFileReference; fileEncoding = 4; lastKnownFileType = sourcecode.c.objc; path = AppDelegate.m; sourceTree = "<group>"; };
		715655771E8B5D8800F73097 /* Info.plist */ = {isa = PBXFileReference; fileEncoding = 4; lastKnownFileType = text.plist.xml; path = Info.plist; sourceTree = "<group>"; };
		7156557C1E8B5E5500F73097 /* firstViewController.h */ = {isa = PBXFileReference; fileEncoding = 4; lastKnownFileType = sourcecode.c.h; path = firstViewController.h; sourceTree = "<group>"; };
		7156557D1E8B5E5500F73097 /* firstViewController.m */ = {isa = PBXFileReference; fileEncoding = 4; lastKnownFileType = sourcecode.c.objc; path = firstViewController.m; sourceTree = "<group>"; };
		7156557F1E8B5E5F00F73097 /* secondViewController.h */ = {isa = PBXFileReference; fileEncoding = 4; lastKnownFileType = sourcecode.c.h; path = secondViewController.h; sourceTree = "<group>"; };
		715655801E8B5E5F00F73097 /* secondViewController.m */ = {isa = PBXFileReference; fileEncoding = 4; lastKnownFileType = sourcecode.c.objc; path = secondViewController.m; sourceTree = "<group>"; };
		715655821E8B5E6C00F73097 /* thirdViewController.h */ = {isa = PBXFileReference; fileEncoding = 4; lastKnownFileType = sourcecode.c.h; path = thirdViewController.h; sourceTree = "<group>"; };
		715655831E8B5E6C00F73097 /* thirdViewController.m */ = {isa = PBXFileReference; fileEncoding = 4; lastKnownFileType = sourcecode.c.objc; path = thirdViewController.m; sourceTree = "<group>"; };
		7156558B1E8B9C6C00F73097 /* cnw.pch */ = {isa = PBXFileReference; fileEncoding = 4; lastKnownFileType = sourcecode.c.h; path = cnw.pch; sourceTree = "<group>"; };
/* End PBXFileReference section */

/* Begin PBXFrameworksBuildPhase section */
		715655391E8B5D0400F73097 /* Frameworks */ = {
			isa = PBXFrameworksBuildPhase;
			buildActionMask = 2147483647;
			files = (
			);
			runOnlyForDeploymentPostprocessing = 0;
		};
		715655521E8B5D0400F73097 /* Frameworks */ = {
			isa = PBXFrameworksBuildPhase;
			buildActionMask = 2147483647;
			files = (
			);
			runOnlyForDeploymentPostprocessing = 0;
		};
		7156555D1E8B5D0400F73097 /* Frameworks */ = {
			isa = PBXFrameworksBuildPhase;
			buildActionMask = 2147483647;
			files = (
			);
			runOnlyForDeploymentPostprocessing = 0;
		};
/* End PBXFrameworksBuildPhase section */

/* Begin PBXGroup section */
		715655331E8B5D0400F73097 = {
			isa = PBXGroup;
			children = (
				7156553E1E8B5D0400F73097 /* 二维码 */,
				715655581E8B5D0400F73097 /* 二维码Tests */,
				715655631E8B5D0400F73097 /* 二维码UITests */,
				7156553D1E8B5D0400F73097 /* Products */,
			);
			sourceTree = "<group>";
		};
		7156553D1E8B5D0400F73097 /* Products */ = {
			isa = PBXGroup;
			children = (
				7156553C1E8B5D0400F73097 /* 二维码.app */,
				715655551E8B5D0400F73097 /* 二维码Tests.xctest */,
				715655601E8B5D0400F73097 /* 二维码UITests.xctest */,
			);
			name = Products;
			sourceTree = "<group>";
		};
		7156553E1E8B5D0400F73097 /* 二维码 */ = {
			isa = PBXGroup;
			children = (
				715655721E8B5D8800F73097 /* Classes */,
				715655741E8B5D8800F73097 /* Other */,
				715655481E8B5D0400F73097 /* Main.storyboard */,
				7156554B1E8B5D0400F73097 /* Assets.xcassets */,
				7156554D1E8B5D0400F73097 /* LaunchScreen.storyboard */,
				7156553F1E8B5D0400F73097 /* Supporting Files */,
				7156558B1E8B9C6C00F73097 /* cnw.pch */,
			);
			path = "二维码";
			sourceTree = "<group>";
		};
		7156553F1E8B5D0400F73097 /* Supporting Files */ = {
			isa = PBXGroup;
			children = (
				715655401E8B5D0400F73097 /* main.m */,
			);
			name = "Supporting Files";
			sourceTree = "<group>";
		};
		715655581E8B5D0400F73097 /* 二维码Tests */ = {
			isa = PBXGroup;
			children = (
				715655591E8B5D0400F73097 /* ___Tests.m */,
				7156555B1E8B5D0400F73097 /* Info.plist */,
			);
			path = "二维码Tests";
			sourceTree = "<group>";
		};
		715655631E8B5D0400F73097 /* 二维码UITests */ = {
			isa = PBXGroup;
			children = (
				715655641E8B5D0400F73097 /* ___UITests.m */,
				715655661E8B5D0400F73097 /* Info.plist */,
			);
			path = "二维码UITests";
			sourceTree = "<group>";
		};
		715655721E8B5D8800F73097 /* Classes */ = {
			isa = PBXGroup;
			children = (
				715655731E8B5D8800F73097 /* First */,
				715655781E8B5D8800F73097 /* Second */,
				715655791E8B5D8800F73097 /* Third */,
			);
			path = Classes;
			sourceTree = "<group>";
		};
		715655731E8B5D8800F73097 /* First */ = {
			isa = PBXGroup;
			children = (
				7156557C1E8B5E5500F73097 /* firstViewController.h */,
				7156557D1E8B5E5500F73097 /* firstViewController.m */,
			);
			path = First;
			sourceTree = "<group>";
		};
		715655741E8B5D8800F73097 /* Other */ = {
			isa = PBXGroup;
			children = (
				715655751E8B5D8800F73097 /* AppDelegate.h */,
				715655761E8B5D8800F73097 /* AppDelegate.m */,
				715655771E8B5D8800F73097 /* Info.plist */,
			);
			name = Other;
			path = Classes/Other;
			sourceTree = "<group>";
		};
		715655781E8B5D8800F73097 /* Second */ = {
			isa = PBXGroup;
			children = (
				7156557F1E8B5E5F00F73097 /* secondViewController.h */,
				715655801E8B5E5F00F73097 /* secondViewController.m */,
			);
			path = Second;
			sourceTree = "<group>";
		};
		715655791E8B5D8800F73097 /* Third */ = {
			isa = PBXGroup;
			children = (
				715655821E8B5E6C00F73097 /* thirdViewController.h */,
				715655831E8B5E6C00F73097 /* thirdViewController.m */,
			);
			path = Third;
			sourceTree = "<group>";
		};
/* End PBXGroup section */

/* Begin PBXNativeTarget section */
		7156553B1E8B5D0400F73097 /* 二维码 */ = {
			isa = PBXNativeTarget;
			buildConfigurationList = 715655691E8B5D0400F73097 /* Build configuration list for PBXNativeTarget "二维码" */;
			buildPhases = (
				715655381E8B5D0400F73097 /* Sources */,
				715655391E8B5D0400F73097 /* Frameworks */,
				7156553A1E8B5D0400F73097 /* Resources */,
			);
			buildRules = (
			);
			dependencies = (
			);
			name = "二维码";
			productName = "二维码";
			productReference = 7156553C1E8B5D0400F73097 /* 二维码.app */;
			productType = "com.apple.product-type.application";
		};
		715655541E8B5D0400F73097 /* 二维码Tests */ = {
			isa = PBXNativeTarget;
			buildConfigurationList = 7156556C1E8B5D0400F73097 /* Build configuration list for PBXNativeTarget "二维码Tests" */;
			buildPhases = (
				715655511E8B5D0400F73097 /* Sources */,
				715655521E8B5D0400F73097 /* Frameworks */,
				715655531E8B5D0400F73097 /* Resources */,
			);
			buildRules = (
			);
			dependencies = (
				715655571E8B5D0400F73097 /* PBXTargetDependency */,
			);
			name = "二维码Tests";
			productName = "二维码Tests";
			productReference = 715655551E8B5D0400F73097 /* 二维码Tests.xctest */;
			productType = "com.apple.product-type.bundle.unit-test";
		};
		7156555F1E8B5D0400F73097 /* 二维码UITests */ = {
			isa = PBXNativeTarget;
			buildConfigurationList = 7156556F1E8B5D0400F73097 /* Build configuration list for PBXNativeTarget "二维码UITests" */;
			buildPhases = (
				7156555C1E8B5D0400F73097 /* Sources */,
				7156555D1E8B5D0400F73097 /* Frameworks */,
				7156555E1E8B5D0400F73097 /* Resources */,
			);
			buildRules = (
			);
			dependencies = (
				715655621E8B5D0400F73097 /* PBXTargetDependency */,
			);
			name = "二维码UITests";
			productName = "二维码UITests";
			productReference = 715655601E8B5D0400F73097 /* 二维码UITests.xctest */;
			productType = "com.apple.product-type.bundle.ui-testing";
		};
/* End PBXNativeTarget section */

/* Begin PBXProject section */
		715655341E8B5D0400F73097 /* Project object */ = {
			isa = PBXProject;
			attributes = {
				LastUpgradeCheck = 0830;
				ORGANIZATIONNAME = Cnw;
				TargetAttributes = {
					7156553B1E8B5D0400F73097 = {
						CreatedOnToolsVersion = 8.3;
						DevelopmentTeam = M5NTEUY46U;
						ProvisioningStyle = Automatic;
					};
					715655541E8B5D0400F73097 = {
						CreatedOnToolsVersion = 8.3;
						DevelopmentTeam = M5NTEUY46U;
						ProvisioningStyle = Automatic;
						TestTargetID = 7156553B1E8B5D0400F73097;
					};
					7156555F1E8B5D0400F73097 = {
						CreatedOnToolsVersion = 8.3;
						DevelopmentTeam = M5NTEUY46U;
						ProvisioningStyle = Automatic;
						TestTargetID = 7156553B1E8B5D0400F73097;
					};
				};
			};
			buildConfigurationList = 715655371E8B5D0400F73097 /* Build configuration list for PBXProject "二维码" */;
			compatibilityVersion = "Xcode 3.2";
			developmentRegion = English;
			hasScannedForEncodings = 0;
			knownRegions = (
				en,
				Base,
			);
			mainGroup = 715655331E8B5D0400F73097;
			productRefGroup = 7156553D1E8B5D0400F73097 /* Products */;
			projectDirPath = "";
			projectRoot = "";
			targets = (
				7156553B1E8B5D0400F73097 /* 二维码 */,
				715655541E8B5D0400F73097 /* 二维码Tests */,
				7156555F1E8B5D0400F73097 /* 二维码UITests */,
			);
		};
/* End PBXProject section */

/* Begin PBXResourcesBuildPhase section */
		7156553A1E8B5D0400F73097 /* Resources */ = {
			isa = PBXResourcesBuildPhase;
			buildActionMask = 2147483647;
			files = (
				7156554F1E8B5D0400F73097 /* LaunchScreen.storyboard in Resources */,
				7156554C1E8B5D0400F73097 /* Assets.xcassets in Resources */,
				7156554A1E8B5D0400F73097 /* Main.storyboard in Resources */,
			);
			runOnlyForDeploymentPostprocessing = 0;
		};
		715655531E8B5D0400F73097 /* Resources */ = {
			isa = PBXResourcesBuildPhase;
			buildActionMask = 2147483647;
			files = (
			);
			runOnlyForDeploymentPostprocessing = 0;
		};
		7156555E1E8B5D0400F73097 /* Resources */ = {
			isa = PBXResourcesBuildPhase;
			buildActionMask = 2147483647;
			files = (
			);
			runOnlyForDeploymentPostprocessing = 0;
		};
/* End PBXResourcesBuildPhase section */

/* Begin PBXSourcesBuildPhase section */
		715655381E8B5D0400F73097 /* Sources */ = {
			isa = PBXSourcesBuildPhase;
			buildActionMask = 2147483647;
			files = (
				715655411E8B5D0400F73097 /* main.m in Sources */,
				715655841E8B5E6C00F73097 /* thirdViewController.m in Sources */,
				7156557A1E8B5D8800F73097 /* AppDelegate.m in Sources */,
				7156557E1E8B5E5500F73097 /* firstViewController.m in Sources */,
				715655811E8B5E5F00F73097 /* secondViewController.m in Sources */,
			);
			runOnlyForDeploymentPostprocessing = 0;
		};
		715655511E8B5D0400F73097 /* Sources */ = {
			isa = PBXSourcesBuildPhase;
			buildActionMask = 2147483647;
			files = (
				7156555A1E8B5D0400F73097 /* ___Tests.m in Sources */,
			);
			runOnlyForDeploymentPostprocessing = 0;
		};
		7156555C1E8B5D0400F73097 /* Sources */ = {
			isa = PBXSourcesBuildPhase;
			buildActionMask = 2147483647;
			files = (
				715655651E8B5D0400F73097 /* ___UITests.m in Sources */,
			);
			runOnlyForDeploymentPostprocessing = 0;
		};
/* End PBXSourcesBuildPhase section */

/* Begin PBXTargetDependency section */
		715655571E8B5D0400F73097 /* PBXTargetDependency */ = {
			isa = PBXTargetDependency;
			target = 7156553B1E8B5D0400F73097 /* 二维码 */;
			targetProxy = 715655561E8B5D0400F73097 /* PBXContainerItemProxy */;
		};
		715655621E8B5D0400F73097 /* PBXTargetDependency */ = {
			isa = PBXTargetDependency;
			target = 7156553B1E8B5D0400F73097 /* 二维码 */;
			targetProxy = 715655611E8B5D0400F73097 /* PBXContainerItemProxy */;
		};
/* End PBXTargetDependency section */

/* Begin PBXVariantGroup section */
		715655481E8B5D0400F73097 /* Main.storyboard */ = {
			isa = PBXVariantGroup;
			children = (
				715655491E8B5D0400F73097 /* Base */,
			);
			name = Main.storyboard;
			sourceTree = "<group>";
		};
		7156554D1E8B5D0400F73097 /* LaunchScreen.storyboard */ = {
			isa = PBXVariantGroup;
			children = (
				7156554E1E8B5D0400F73097 /* Base */,
			);
			name = LaunchScreen.storyboard;
			sourceTree = "<group>";
		};
/* End PBXVariantGroup section */

/* Begin XCBuildConfiguration section */
		715655671E8B5D0400F73097 /* Debug */ = {
			isa = XCBuildConfiguration;
			buildSettings = {
				ALWAYS_SEARCH_USER_PATHS = NO;
				CLANG_ANALYZER_NONNULL = YES;
				CLANG_ANALYZER_NUMBER_OBJECT_CONVERSION = YES_AGGRESSIVE;
				CLANG_CXX_LANGUAGE_STANDARD = "gnu++0x";
				CLANG_CXX_LIBRARY = "libc++";
				CLANG_ENABLE_MODULES = YES;
				CLANG_ENABLE_OBJC_ARC = YES;
				CLANG_WARN_BOOL_CONVERSION = YES;
				CLANG_WARN_CONSTANT_CONVERSION = YES;
				CLANG_WARN_DIRECT_OBJC_ISA_USAGE = YES_ERROR;
				CLANG_WARN_DOCUMENTATION_COMMENTS = YES;
				CLANG_WARN_EMPTY_BODY = YES;
				CLANG_WARN_ENUM_CONVERSION = YES;
				CLANG_WARN_INFINITE_RECURSION = YES;
				CLANG_WARN_INT_CONVERSION = YES;
				CLANG_WARN_OBJC_ROOT_CLASS = YES_ERROR;
				CLANG_WARN_SUSPICIOUS_MOVE = YES;
				CLANG_WARN_UNREACHABLE_CODE = YES;
				CLANG_WARN__DUPLICATE_METHOD_MATCH = YES;
				"CODE_SIGN_IDENTITY[sdk=iphoneos*]" = "iPhone Developer";
				COPY_PHASE_STRIP = NO;
				DEBUG_INFORMATION_FORMAT = dwarf;
				ENABLE_STRICT_OBJC_MSGSEND = YES;
				ENABLE_TESTABILITY = YES;
				GCC_C_LANGUAGE_STANDARD = gnu99;
				GCC_DYNAMIC_NO_PIC = NO;
				GCC_NO_COMMON_BLOCKS = YES;
				GCC_OPTIMIZATION_LEVEL = 0;
				GCC_PREPROCESSOR_DEFINITIONS = (
					"DEBUG=1",
					"$(inherited)",
				);
				GCC_WARN_64_TO_32_BIT_CONVERSION = YES;
				GCC_WARN_ABOUT_RETURN_TYPE = YES_ERROR;
				GCC_WARN_UNDECLARED_SELECTOR = YES;
				GCC_WARN_UNINITIALIZED_AUTOS = YES_AGGRESSIVE;
				GCC_WARN_UNUSED_FUNCTION = YES;
				GCC_WARN_UNUSED_VARIABLE = YES;
				IPHONEOS_DEPLOYMENT_TARGET = 10.3;
				MTL_ENABLE_DEBUG_INFO = YES;
				ONLY_ACTIVE_ARCH = YES;
				SDKROOT = iphoneos;
			};
			name = Debug;
		};
		715655681E8B5D0400F73097 /* Release */ = {
			isa = XCBuildConfiguration;
			buildSettings = {
				ALWAYS_SEARCH_USER_PATHS = NO;
				CLANG_ANALYZER_NONNULL = YES;
				CLANG_ANALYZER_NUMBER_OBJECT_CONVERSION = YES_AGGRESSIVE;
				CLANG_CXX_LANGUAGE_STANDARD = "gnu++0x";
				CLANG_CXX_LIBRARY = "libc++";
				CLANG_ENABLE_MODULES = YES;
				CLANG_ENABLE_OBJC_ARC = YES;
				CLANG_WARN_BOOL_CONVERSION = YES;
				CLANG_WARN_CONSTANT_CONVERSION = YES;
				CLANG_WARN_DIRECT_OBJC_ISA_USAGE = YES_ERROR;
				CLANG_WARN_DOCUMENTATION_COMMENTS = YES;
				CLANG_WARN_EMPTY_BODY = YES;
				CLANG_WARN_ENUM_CONVERSION = YES;
				CLANG_WARN_INFINITE_RECURSION = YES;
				CLANG_WARN_INT_CONVERSION = YES;
				CLANG_WARN_OBJC_ROOT_CLASS = YES_ERROR;
				CLANG_WARN_SUSPICIOUS_MOVE = YES;
				CLANG_WARN_UNREACHABLE_CODE = YES;
				CLANG_WARN__DUPLICATE_METHOD_MATCH = YES;
				"CODE_SIGN_IDENTITY[sdk=iphoneos*]" = "iPhone Developer";
				COPY_PHASE_STRIP = NO;
				DEBUG_INFORMATION_FORMAT = "dwarf-with-dsym";
				ENABLE_NS_ASSERTIONS = NO;
				ENABLE_STRICT_OBJC_MSGSEND = YES;
				GCC_C_LANGUAGE_STANDARD = gnu99;
				GCC_NO_COMMON_BLOCKS = YES;
				GCC_WARN_64_TO_32_BIT_CONVERSION = YES;
				GCC_WARN_ABOUT_RETURN_TYPE = YES_ERROR;
				GCC_WARN_UNDECLARED_SELECTOR = YES;
				GCC_WARN_UNINITIALIZED_AUTOS = YES_AGGRESSIVE;
				GCC_WARN_UNUSED_FUNCTION = YES;
				GCC_WARN_UNUSED_VARIABLE = YES;
				IPHONEOS_DEPLOYMENT_TARGET = 10.3;
				MTL_ENABLE_DEBUG_INFO = NO;
				SDKROOT = iphoneos;
				VALIDATE_PRODUCT = YES;
			};
			name = Release;
		};
		7156556A1E8B5D0400F73097 /* Debug */ = {
			isa = XCBuildConfiguration;
			buildSettings = {
				ASSETCATALOG_COMPILER_APPICON_NAME = AppIcon;
				DEVELOPMENT_TEAM = M5NTEUY46U;
				GCC_PREFIX_HEADER = "二维码/cnw.pch";
				INFOPLIST_FILE = "$(SRCROOT)/二维码/Classes/Other/Info.plist";
				IPHONEOS_DEPLOYMENT_TARGET = 8.0;
				LD_RUNPATH_SEARCH_PATHS = "$(inherited) @executable_path/Frameworks";
				PRODUCT_BUNDLE_IDENTIFIER = "com.jinridao.---";
				PRODUCT_NAME = "$(TARGET_NAME)";
			};
			name = Debug;
		};
		7156556B1E8B5D0400F73097 /* Release */ = {
			isa = XCBuildConfiguration;
			buildSettings = {
				ASSETCATALOG_COMPILER_APPICON_NAME = AppIcon;
				DEVELOPMENT_TEAM = M5NTEUY46U;
				GCC_PREFIX_HEADER = "二维码/cnw.pch";
				INFOPLIST_FILE = "$(SRCROOT)/二维码/Classes/Other/Info.plist";
				IPHONEOS_DEPLOYMENT_TARGET = 8.0;
				LD_RUNPATH_SEARCH_PATHS = "$(inherited) @executable_path/Frameworks";
				PRODUCT_BUNDLE_IDENTIFIER = "com.jinridao.---";
				PRODUCT_NAME = "$(TARGET_NAME)";
			};
			name = Release;
		};
		7156556D1E8B5D0400F73097 /* Debug */ = {
			isa = XCBuildConfiguration;
			buildSettings = {
				BUNDLE_LOADER = "$(TEST_HOST)";
				DEVELOPMENT_TEAM = M5NTEUY46U;
				INFOPLIST_FILE = "二维码Tests/Info.plist";
				LD_RUNPATH_SEARCH_PATHS = "$(inherited) @executable_path/Frameworks @loader_path/Frameworks";
				PRODUCT_BUNDLE_IDENTIFIER = "com.jinridao.---Tests";
				PRODUCT_NAME = "$(TARGET_NAME)";
				TEST_HOST = "$(BUILT_PRODUCTS_DIR)/二维码.app/二维码";
			};
			name = Debug;
		};
		7156556E1E8B5D0400F73097 /* Release */ = {
			isa = XCBuildConfiguration;
			buildSettings = {
				BUNDLE_LOADER = "$(TEST_HOST)";
				DEVELOPMENT_TEAM = M5NTEUY46U;
				INFOPLIST_FILE = "二维码Tests/Info.plist";
				LD_RUNPATH_SEARCH_PATHS = "$(inherited) @executable_path/Frameworks @loader_path/Frameworks";
				PRODUCT_BUNDLE_IDENTIFIER = "com.jinridao.---Tests";
				PRODUCT_NAME = "$(TARGET_NAME)";
				TEST_HOST = "$(BUILT_PRODUCTS_DIR)/二维码.app/二维码";
			};
			name = Release;
		};
		715655701E8B5D0400F73097 /* Debug */ = {
			isa = XCBuildConfiguration;
			buildSettings = {
				DEVELOPMENT_TEAM = M5NTEUY46U;
				INFOPLIST_FILE = "二维码UITests/Info.plist";
				LD_RUNPATH_SEARCH_PATHS = "$(inherited) @executable_path/Frameworks @loader_path/Frameworks";
				PRODUCT_BUNDLE_IDENTIFIER = "com.jinridao.---UITests";
				PRODUCT_NAME = "$(TARGET_NAME)";
				TEST_TARGET_NAME = "二维码";
			};
			name = Debug;
		};
		715655711E8B5D0400F73097 /* Release */ = {
			isa = XCBuildConfiguration;
			buildSettings = {
				DEVELOPMENT_TEAM = M5NTEUY46U;
				INFOPLIST_FILE = "二维码UITests/Info.plist";
				LD_RUNPATH_SEARCH_PATHS = "$(inherited) @executable_path/Frameworks @loader_path/Frameworks";
				PRODUCT_BUNDLE_IDENTIFIER = "com.jinridao.---UITests";
				PRODUCT_NAME = "$(TARGET_NAME)";
				TEST_TARGET_NAME = "二维码";
			};
			name = Release;
		};
/* End XCBuildConfiguration section */

/* Begin XCConfigurationList section */
		715655371E8B5D0400F73097 /* Build configuration list for PBXProject "二维码" */ = {
			isa = XCConfigurationList;
			buildConfigurations = (
				715655671E8B5D0400F73097 /* Debug */,
				715655681E8B5D0400F73097 /* Release */,
			);
			defaultConfigurationIsVisible = 0;
			defaultConfigurationName = Release;
		};
		715655691E8B5D0400F73097 /* Build configuration list for PBXNativeTarget "二维码" */ = {
			isa = XCConfigurationList;
			buildConfigurations = (
				7156556A1E8B5D0400F73097 /* Debug */,
				7156556B1E8B5D0400F73097 /* Release */,
			);
			defaultConfigurationIsVisible = 0;
		};
		7156556C1E8B5D0400F73097 /* Build configuration list for PBXNativeTarget "二维码Tests" */ = {
			isa = XCConfigurationList;
			buildConfigurations = (
				7156556D1E8B5D0400F73097 /* Debug */,
				7156556E1E8B5D0400F73097 /* Release */,
			);
			defaultConfigurationIsVisible = 0;
		};
		7156556F1E8B5D0400F73097 /* Build configuration list for PBXNativeTarget "二维码UITests" */ = {
			isa = XCConfigurationList;
			buildConfigurations = (
				715655701E8B5D0400F73097 /* Debug */,
				715655711E8B5D0400F73097 /* Release */,
			);
			defaultConfigurationIsVisible = 0;
		};
/* End XCConfigurationList section */
	};
	rootObject = 715655341E8B5D0400F73097 /* Project object */;
}
